Microsoft Visual Studio Solution File, Format Version 12.00
# Visual Studio Version 16
VisualStudioVersion = 16.0.29509.3
MinimumVisualStudioVersion = 10.0.40219.1
Project("{9A19103F-16F7-4668-BE54-9A1E7A4F7556}") = "Sift", "Sift\Sift.csproj", "{88D258CD-7698-434D-A575-44018205B811}"
EndProject
Project("{2150E333-8FDC-42A3-9474-1A3956D46DE8}") = "TestRequestBody", "TestRequestBody", "{C73F20A7-3E0F-4200-B824-4ECCE96C1049}"
	ProjectSection(SolutionItems) = preProject
		TestRequestBody\TestChargebackEvent_Chargeback.json = TestRequestBody\TestChargebackEvent_Chargeback.json
		TestRequestBody\TestCreateAccountEvent_CreateAccount.json = TestRequestBody\TestCreateAccountEvent_CreateAccount.json
		TestRequestBody\TestCreateOrderEventWithCryptoFields_CreateOrder.json = TestRequestBody\TestCreateOrderEventWithCryptoFields_CreateOrder.json
		TestRequestBody\TestCreateOrderEventWithMerchantProfileField_CreateOrder.json = TestRequestBody\TestCreateOrderEventWithMerchantProfileField_CreateOrder.json
		TestRequestBody\TestCreateOrderEventWithSepaPaymentMethodFields_CreateOrder.json = TestRequestBody\TestCreateOrderEventWithSepaPaymentMethodFields_CreateOrder.json
		TestRequestBody\TestCreateOrderEventWithWirePaymentMethod_CreateOrder.json = TestRequestBody\TestCreateOrderEventWithWirePaymentMethod_CreateOrder.json
		TestRequestBody\TestCustomEventRequest_CustomEvent.json = TestRequestBody\TestCustomEventRequest_CustomEvent.json
		TestRequestBody\TestEventRequest_CreateOrder.json = TestRequestBody\TestEventRequest_CreateOrder.json
		TestRequestBody\TestEventWithBrowser_CreateOrder.json = TestRequestBody\TestEventWithBrowser_CreateOrder.json
		TestRequestBody\TestLoginEvent_Login.json = TestRequestBody\TestLoginEvent_Login.json
		TestRequestBody\TestTransactionEvent_Transaction.json = TestRequestBody\TestTransactionEvent_Transaction.json
		TestRequestBody\TestTransactionEventWithCryptoFields_ObservableCollection.json = TestRequestBody\TestTransactionEventWithCryptoFields_ObservableCollection.json
		TestRequestBody\TestTransactionEventWithFintechFields_Transaction.json = TestRequestBody\TestTransactionEventWithFintechFields_Transaction.json
		TestRequestBody\TestUpdateAccountEvent_UpdateAccount.json = TestRequestBody\TestUpdateAccountEvent_UpdateAccount.json
		TestRequestBody\TestUpdateMerchantRequest_UpdateMerchantRequest.json = TestRequestBody\TestUpdateMerchantRequest_UpdateMerchantRequest.json
		TestRequestBody\TestUpdateOrderEventWithCryptoFields_UpdateOrder.json = TestRequestBody\TestUpdateOrderEventWithCryptoFields_UpdateOrder.json
	EndProjectSection
EndProject
Project("{9A19103F-16F7-4668-BE54-9A1E7A4F7556}") = "Sift.Test.Core2.1", "Sift.Test.Core2.1\Sift.Test.Core2.1.csproj", "{C41094B4-1158-4B0F-8478-052761C701CA}"
EndProject
Global
	GlobalSection(SolutionConfigurationPlatforms) = preSolution
		Debug|Any CPU = Debug|Any CPU
		Release|Any CPU = Release|Any CPU
	EndGlobalSection
	GlobalSection(ProjectConfigurationPlatforms) = postSolution
		{88D258CD-7698-434D-A575-44018205B811}.Debug|Any CPU.ActiveCfg = Debug|Any CPU
		{88D258CD-7698-434D-A575-44018205B811}.Debug|Any CPU.Build.0 = Debug|Any CPU
		{88D258CD-7698-434D-A575-44018205B811}.Release|Any CPU.ActiveCfg = Release|Any CPU
		{88D258CD-7698-434D-A575-44018205B811}.Release|Any CPU.Build.0 = Release|Any CPU
		{C41094B4-1158-4B0F-8478-052761C701CA}.Debug|Any CPU.ActiveCfg = Debug|Any CPU
		{C41094B4-1158-4B0F-8478-052761C701CA}.Debug|Any CPU.Build.0 = Debug|Any CPU
		{C41094B4-1158-4B0F-8478-052761C701CA}.Release|Any CPU.ActiveCfg = Release|Any CPU
		{C41094B4-1158-4B0F-8478-052761C701CA}.Release|Any CPU.Build.0 = Release|Any CPU
	EndGlobalSection
	GlobalSection(SolutionProperties) = preSolution
		HideSolutionNode = FALSE
	EndGlobalSection
	GlobalSection(ExtensibilityGlobals) = postSolution
		SolutionGuid = {6ECAD09A-45E5-4AA9-8C08-45F6971C45C2}
	EndGlobalSection
EndGlobal
