
Microsoft Visual Studio Solution File, Format Version 12.00
# Visual Studio Version 16
VisualStudioVersion = 25.0.1700.5
MinimumVisualStudioVersion = 10.0.40219.1
Project("{FAE04EC0-301F-11D3-BF4B-00C04F79EFBC}") = "Sift", "Sift.csproj", "{B5CE63DE-DC7F-49A9-A46E-FD1623F32D9E}"
EndProject
Global
	GlobalSection(SolutionConfigurationPlatforms) = preSolution
		Debug|Any CPU = Debug|Any CPU
		Release|Any CPU = Release|Any CPU
	EndGlobalSection
	GlobalSection(ProjectConfigurationPlatforms) = postSolution
		{B5CE63DE-DC7F-49A9-A46E-FD1623F32D9E}.Debug|Any CPU.ActiveCfg = Debug|Any CPU
		{B5CE63DE-DC7F-49A9-A46E-FD1623F32D9E}.Debug|Any CPU.Build.0 = Debug|Any CPU
		{B5CE63DE-DC7F-49A9-A46E-FD1623F32D9E}.Release|Any CPU.ActiveCfg = Release|Any CPU
		{B5CE63DE-DC7F-49A9-A46E-FD1623F32D9E}.Release|Any CPU.Build.0 = Release|Any CPU
	EndGlobalSection
	GlobalSection(SolutionProperties) = preSolution
		HideSolutionNode = FALSE
	EndGlobalSection
	GlobalSection(ExtensibilityGlobals) = postSolution
		SolutionGuid = {499123A4-769F-456A-9C6B-92F891D12FEC}
	EndGlobalSection
EndGlobal
